
Microsoft Visual Studio Solution File, Format Version 12.00
# Visual Studio Version 17
VisualStudioVersion = 17.5.002.0
MinimumVisualStudioVersion = 10.0.40219.1
Project("{9A19103F-16F7-4668-BE54-9A1E7A4F7556}") = "DesafioFundamentos", "DesafioFundamentos.csproj", "{A9AB0EE8-E976-4B23-B7B1-B8A235647F00}"
EndProject
Global
	GlobalSection(SolutionConfigurationPlatforms) = preSolution
		Debug|Any CPU = Debug|Any CPU
		Release|Any CPU = Release|Any CPU
	EndGlobalSection
	GlobalSection(ProjectConfigurationPlatforms) = postSolution
		{A9AB0EE8-E976-4B23-B7B1-B8A235647F00}.Debug|Any CPU.ActiveCfg = Debug|Any CPU
		{A9AB0EE8-E976-4B23-B7B1-B8A235647F00}.Debug|Any CPU.Build.0 = Debug|Any CPU
		{A9AB0EE8-E976-4B23-B7B1-B8A235647F00}.Release|Any CPU.ActiveCfg = Release|Any CPU
		{A9AB0EE8-E976-4B23-B7B1-B8A235647F00}.Release|Any CPU.Build.0 = Release|Any CPU
	EndGlobalSection
	GlobalSection(SolutionProperties) = preSolution
		HideSolutionNode = FALSE
	EndGlobalSection
	GlobalSection(ExtensibilityGlobals) = postSolution
		SolutionGuid = {53D54017-008F-48E0-ACB4-4B3F382C4772}
	EndGlobalSection
EndGlobal
