
Microsoft Visual Studio Solution File, Format Version 12.00
# Visual Studio Version 17
VisualStudioVersion = 17.5.002.0
MinimumVisualStudioVersion = 10.0.40219.1
Project("{9A19103F-16F7-4668-BE54-9A1E7A4F7556}") = "EXEMPLOEXPLORANDO", "EXEMPLOEXPLORANDO.csproj", "{EB36A12A-54ED-4DD7-99B1-035D7D3C8AC0}"
EndProject
Global
	GlobalSection(SolutionConfigurationPlatforms) = preSolution
		Debug|Any CPU = Debug|Any CPU
		Release|Any CPU = Release|Any CPU
	EndGlobalSection
	GlobalSection(ProjectConfigurationPlatforms) = postSolution
		{EB36A12A-54ED-4DD7-99B1-035D7D3C8AC0}.Debug|Any CPU.ActiveCfg = Debug|Any CPU
		{EB36A12A-54ED-4DD7-99B1-035D7D3C8AC0}.Debug|Any CPU.Build.0 = Debug|Any CPU
		{EB36A12A-54ED-4DD7-99B1-035D7D3C8AC0}.Release|Any CPU.ActiveCfg = Release|Any CPU
		{EB36A12A-54ED-4DD7-99B1-035D7D3C8AC0}.Release|Any CPU.Build.0 = Release|Any CPU
	EndGlobalSection
	GlobalSection(SolutionProperties) = preSolution
		HideSolutionNode = FALSE
	EndGlobalSection
	GlobalSection(ExtensibilityGlobals) = postSolution
		SolutionGuid = {738B7151-B7F1-4B16-AF06-0620FD211246}
	EndGlobalSection
EndGlobal
